version: 7
platforms:
- name: win-64
environments:
  default:
    channels:
    - url: https://conda.anaconda.org/conda-forge/
    packages:
      win-64:
      - conda: https://conda.anaconda.org/conda-forge/noarch/ca-certificates-2026.5.20-h4c7d964_0.conda
      - conda: https://conda.anaconda.org/conda-forge/noarch/font-ttf-dejavu-sans-mono-2.37-hab24e00_0.tar.bz2
      - conda: https://conda.anaconda.org/conda-forge/noarch/font-ttf-inconsolata-3.000-h77eed37_0.tar.bz2
      - conda: https://conda.anaconda.org/conda-forge/noarch/font-ttf-source-code-pro-2.038-h77eed37_0.tar.bz2
      - conda: https://conda.anaconda.org/conda-forge/noarch/font-ttf-ubuntu-0.83-h77eed37_3.conda
      - conda: https://conda.anaconda.org/conda-forge/noarch/fonts-conda-ecosystem-1-0.tar.bz2
      - conda: https://conda.anaconda.org/conda-forge/noarch/fonts-conda-forge-1-hc364b38_1.conda
      - conda: https://conda.anaconda.org/conda-forge/noarch/python_abi-3.14-8_cp314.conda
      - conda: https://conda.anaconda.org/conda-forge/noarch/tzdata-2025c-hc9c84f9_1.conda
      - conda: https://conda.anaconda.org/conda-forge/win-64/bzip2-1.0.8-h0ad9c76_9.conda
      - conda: https://conda.anaconda.org/conda-forge/win-64/cairo-1.18.4-h477c42c_1.conda
      - conda: https://conda.anaconda.org/conda-forge/win-64/curl-8.20.0-h8206538_0.conda
      - conda: https://conda.anaconda.org/conda-forge/win-64/fontconfig-2.18.0-hd47e2ca_0.conda
      - conda: https://conda.anaconda.org/conda-forge/win-64/freeglut-3.2.2-hac47afa_4.conda
      - conda: https://conda.anaconda.org/conda-forge/win-64/graphite2-1.3.14-hac47afa_2.conda
      - conda: https://conda.anaconda.org/conda-forge/win-64/harfbuzz-14.2.0-h5a1b470_0.conda
      - conda: https://conda.anaconda.org/conda-forge/win-64/icu-78.3-h637d24d_0.conda
      - conda: https://conda.anaconda.org/conda-forge/win-64/jbig2dec-0.20-hbd848b6_0.conda
      - conda: https://conda.anaconda.org/conda-forge/win-64/krb5-1.22.2-h0ea6238_0.conda
      - conda: https://conda.anaconda.org/conda-forge/win-64/lerc-4.1.0-hd936e49_0.conda
      - conda: https://conda.anaconda.org/conda-forge/win-64/libbrotlicommon-1.2.0-hfd05255_1.conda
      - conda: https://conda.anaconda.org/conda-forge/win-64/libbrotlidec-1.2.0-hfd05255_1.conda
      - conda: https://conda.anaconda.org/conda-forge/win-64/libbrotlienc-1.2.0-hfd05255_1.conda
      - conda: https://conda.anaconda.org/conda-forge/win-64/libcurl-8.20.0-h8206538_0.conda
      - conda: https://conda.anaconda.org/conda-forge/win-64/libdeflate-1.25-h51727cc_0.conda
      - conda: https://conda.anaconda.org/conda-forge/win-64/libexpat-2.8.1-hac47afa_0.conda
      - conda: https://conda.anaconda.org/conda-forge/win-64/libffi-3.5.2-h3d046cb_0.conda
      - conda: https://conda.anaconda.org/conda-forge/win-64/libfreetype-2.14.3-h57928b3_0.conda
      - conda: https://conda.anaconda.org/conda-forge/win-64/libfreetype6-2.14.3-hdbac1cb_0.conda
      - conda: https://conda.anaconda.org/conda-forge/win-64/libglib-2.88.1-h7ce1215_2.conda
      - conda: https://conda.anaconda.org/conda-forge/win-64/libgumbo-1.0.0-he0c23c2_1.conda
      - conda: https://conda.anaconda.org/conda-forge/win-64/libiconv-1.18-hc1393d2_2.conda
      - conda: https://conda.anaconda.org/conda-forge/win-64/libintl-0.22.5-h5728263_3.conda
      - conda: https://conda.anaconda.org/conda-forge/win-64/libjpeg-turbo-3.1.4.1-hfd05255_0.conda
      - conda: https://conda.anaconda.org/conda-forge/win-64/liblzma-5.8.3-hfd05255_0.conda
      - conda: https://conda.anaconda.org/conda-forge/win-64/libmpdec-4.0.0-hfd05255_1.conda
      - conda: https://conda.anaconda.org/conda-forge/win-64/libpng-1.6.58-h7351971_0.conda
      - conda: https://conda.anaconda.org/conda-forge/win-64/libsqlite-3.53.1-hf5d6505_0.conda
      - conda: https://conda.anaconda.org/conda-forge/win-64/libssh2-1.11.1-h9aa295b_0.conda
      - conda: https://conda.anaconda.org/conda-forge/win-64/libtiff-4.7.1-h8f73337_1.conda
      - conda: https://conda.anaconda.org/conda-forge/win-64/libzlib-1.3.2-hfd05255_2.conda
      - conda: https://conda.anaconda.org/conda-forge/win-64/mupdf-1.27.2-py314h121dfd3_5.conda
      - conda: https://conda.anaconda.org/conda-forge/win-64/openjpeg-2.5.4-h0e57b4f_0.conda
      - conda: https://conda.anaconda.org/conda-forge/win-64/openssl-3.6.2-hf411b9b_0.conda
      - conda: https://conda.anaconda.org/conda-forge/win-64/pcre2-10.47-hd2b5f0e_0.conda
      - conda: https://conda.anaconda.org/conda-forge/win-64/pixman-0.46.4-h5112557_1.conda
      - conda: https://conda.anaconda.org/conda-forge/win-64/pymupdf-1.27.2.2-py314hb98de8c_1.conda
      - conda: https://conda.anaconda.org/conda-forge/win-64/python-3.14.5-h4b44e0e_100_cp314.conda
      - conda: https://conda.anaconda.org/conda-forge/win-64/tk-8.6.13-h6ed50ae_3.conda
      - conda: https://conda.anaconda.org/conda-forge/win-64/ucrt-10.0.26100.0-h57928b3_0.conda
      - conda: https://conda.anaconda.org/conda-forge/win-64/vc-14.5-h1b7c187_37.conda
      - conda: https://conda.anaconda.org/conda-forge/win-64/vc14_runtime-14.51.36231-h1b9f54f_37.conda
      - conda: https://conda.anaconda.org/conda-forge/win-64/vcomp14-14.51.36231-h1b9f54f_37.conda
      - conda: https://conda.anaconda.org/conda-forge/win-64/zstd-1.5.7-h534d264_6.conda
packages:
- conda: https://conda.anaconda.org/conda-forge/noarch/ca-certificates-2026.5.20-h4c7d964_0.conda
  sha256: 86981d764e4ea1883409d30447ff9da46127426d31a63df08315aaded768e652
  md5: c9b86eece2f944541b86441c94117ab3
  depends:
  - __win
  license: ISC
  size: 130182
  timestamp: 1779289939595
- conda: https://conda.anaconda.org/conda-forge/noarch/font-ttf-dejavu-sans-mono-2.37-hab24e00_0.tar.bz2
  sha256: 58d7f40d2940dd0a8aa28651239adbf5613254df0f75789919c4e6762054403b
  md5: 0c96522c6bdaed4b1566d11387caaf45
  license: BSD-3-Clause
  license_family: BSD
  size: 397370
  timestamp: 1566932522327
- conda: https://conda.anaconda.org/conda-forge/noarch/font-ttf-inconsolata-3.000-h77eed37_0.tar.bz2
  sha256: c52a29fdac682c20d252facc50f01e7c2e7ceac52aa9817aaf0bb83f7559ec5c
  md5: 34893075a5c9e55cdafac56607368fc6
  license: OFL-1.1
  license_family: Other
  size: 96530
  timestamp: 1620479909603
- conda: https://conda.anaconda.org/conda-forge/noarch/font-ttf-source-code-pro-2.038-h77eed37_0.tar.bz2
  sha256: 00925c8c055a2275614b4d983e1df637245e19058d79fc7dd1a93b8d9fb4b139
  md5: 4d59c254e01d9cde7957100457e2d5fb
  license: OFL-1.1
  license_family: Other
  size: 700814
  timestamp: 1620479612257
- conda: https://conda.anaconda.org/conda-forge/noarch/font-ttf-ubuntu-0.83-h77eed37_3.conda
  sha256: 2821ec1dc454bd8b9a31d0ed22a7ce22422c0aef163c59f49dfdf915d0f0ca14
  md5: 49023d73832ef61042f6a237cb2687e7
  license: LicenseRef-Ubuntu-Font-Licence-Version-1.0
  license_family: Other
  size: 1620504
  timestamp: 1727511233259
- conda: https://conda.anaconda.org/conda-forge/noarch/fonts-conda-ecosystem-1-0.tar.bz2
  sha256: a997f2f1921bb9c9d76e6fa2f6b408b7fa549edd349a77639c9fe7a23ea93e61
  md5: fee5683a3f04bd15cbd8318b096a27ab
  depends:
  - fonts-conda-forge
  license: BSD-3-Clause
  license_family: BSD
  size: 3667
  timestamp: 1566974674465
- conda: https://conda.anaconda.org/conda-forge/noarch/fonts-conda-forge-1-hc364b38_1.conda
  sha256: 54eea8469786bc2291cc40bca5f46438d3e062a399e8f53f013b6a9f50e98333
  md5: a7970cd949a077b7cb9696379d338681
  depends:
  - font-ttf-ubuntu
  - font-ttf-inconsolata
  - font-ttf-dejavu-sans-mono
  - font-ttf-source-code-pro
  license: BSD-3-Clause
  license_family: BSD
  size: 4059
  timestamp: 1762351264405
- conda: https://conda.anaconda.org/conda-forge/noarch/python_abi-3.14-8_cp314.conda
  build_number: 8
  sha256: ad6d2e9ac39751cc0529dd1566a26751a0bf2542adb0c232533d32e176e21db5
  md5: 0539938c55b6b1a59b560e843ad864a4
  constrains:
  - python 3.14.* *_cp314
  license: BSD-3-Clause
  license_family: BSD
  size: 6989
  timestamp: 1752805904792
- conda: https://conda.anaconda.org/conda-forge/noarch/tzdata-2025c-hc9c84f9_1.conda
  sha256: 1d30098909076af33a35017eed6f2953af1c769e273a0626a04722ac4acaba3c
  md5: ad659d0a2b3e47e38d829aa8cad2d610
  license: LicenseRef-Public-Domain
  size: 119135
  timestamp: 1767016325805
- conda: https://conda.anaconda.org/conda-forge/win-64/bzip2-1.0.8-h0ad9c76_9.conda
  sha256: 76dfb71df5e8d1c4eded2dbb5ba15bb8fb2e2b0fe42d94145d5eed4c75c35902
  md5: 4cb8e6b48f67de0b018719cdf1136306
  depends:
  - ucrt >=10.0.20348.0
  - vc >=14.3,<15
  - vc14_runtime >=14.44.35208
  license: bzip2-1.0.6
  license_family: BSD
  size: 56115
  timestamp: 1771350256444
- conda: https://conda.anaconda.org/conda-forge/win-64/cairo-1.18.4-h477c42c_1.conda
  sha256: 9ee4ad706c5d3e1c6c469785d60e3c2b263eec569be0eac7be33fbaef978bccc
  md5: 52ea1beba35b69852d210242dd20f97d
  depends:
  - fontconfig >=2.15.0,<3.0a0
  - fonts-conda-ecosystem
  - icu >=78.1,<79.0a0
  - libexpat >=2.7.3,<3.0a0
  - libfreetype >=2.14.1
  - libfreetype6 >=2.14.1
  - libglib >=2.86.3,<3.0a0
  - libpng >=1.6.53,<1.7.0a0
  - libzlib >=1.3.1,<2.0a0
  - pixman >=0.46.4,<1.0a0
  - ucrt >=10.0.20348.0
  - vc >=14.3,<15
  - vc14_runtime >=14.44.35208
  license: LGPL-2.1-only or MPL-1.1
  size: 1537783
  timestamp: 1766416059188
- conda: https://conda.anaconda.org/conda-forge/win-64/curl-8.20.0-h8206538_0.conda
  sha256: 4d14e99627c35eb13261d930f6f58c4a295cbbdc90ec2e624a3cb13822078018
  md5: fdee2c425c3876a2fb3ba8a361e7ad2c
  depends:
  - krb5 >=1.22.2,<1.23.0a0
  - libcurl 8.20.0 h8206538_0
  - libssh2 >=1.11.1,<2.0a0
  - libzlib >=1.3.2,<2.0a0
  - ucrt >=10.0.20348.0
  - vc >=14.3,<15
  - vc14_runtime >=14.44.35208
  license: curl
  license_family: MIT
  size: 186081
  timestamp: 1777461642598
- conda: https://conda.anaconda.org/conda-forge/win-64/fontconfig-2.18.0-hd47e2ca_0.conda
  sha256: b1bd6a9a15517d32ffa3165f3562808c6b02319ffed0b49d39a7d15381fb0527
  md5: ea543431a836ea08ccdce00bb55c8585
  depends:
  - libexpat >=2.8.1,<3.0a0
  - libfreetype >=2.14.3
  - libfreetype6 >=2.14.3
  - libiconv >=1.18,<2.0a0
  - libintl >=0.22.5,<1.0a0
  - libzlib >=1.3.2,<2.0a0
  - ucrt >=10.0.20348.0
  - vc >=14.3,<15
  - vc14_runtime >=14.44.35208
  license: MIT
  license_family: MIT
  size: 201700
  timestamp: 1779421777219
- conda: https://conda.anaconda.org/conda-forge/win-64/freeglut-3.2.2-hac47afa_4.conda
  sha256: d4d255236a305e0fde4f9b360cca647331fad5348f70333c88fc50b3a6eabccc
  md5: dd76cafa8f23c9aaee93aa7e745fdba4
  depends:
  - ucrt >=10.0.20348.0
  - vc >=14.3,<15
  - vc14_runtime >=14.44.35208
  license: MIT
  license_family: MIT
  size: 113837
  timestamp: 1776928077923
- conda: https://conda.anaconda.org/conda-forge/win-64/graphite2-1.3.14-hac47afa_2.conda
  sha256: 5f1714b07252f885a62521b625898326ade6ca25fbc20727cfe9a88f68a54bfd
  md5: b785694dd3ec77a011ccf0c24725382b
  depends:
  - ucrt >=10.0.20348.0
  - vc >=14.3,<15
  - vc14_runtime >=14.44.35208
  license: LGPL-2.0-or-later
  license_family: LGPL
  size: 96336
  timestamp: 1755102441729
- conda: https://conda.anaconda.org/conda-forge/win-64/harfbuzz-14.2.0-h5a1b470_0.conda
  sha256: 82abc468768c5130b45e4025fe289e0c84ea015d7fa23059503da212c89097cb
  md5: b8862b83b5c899f5b65bcba0298b8478
  depends:
  - cairo >=1.18.4,<2.0a0
  - graphite2 >=1.3.14,<2.0a0
  - icu >=78.3,<79.0a0
  - libexpat >=2.7.5,<3.0a0
  - libfreetype >=2.14.3
  - libfreetype6 >=2.14.3
  - libglib >=2.86.4,<3.0a0
  - libzlib >=1.3.2,<2.0a0
  - ucrt >=10.0.20348.0
  - vc >=14.2,<15
  - vc14_runtime >=14.29.30139
  license: MIT
  license_family: MIT
  size: 1322557
  timestamp: 1776778816190
- conda: https://conda.anaconda.org/conda-forge/win-64/icu-78.3-h637d24d_0.conda
  sha256: 1bda728d70a619731b278c859eda364146cb5b4b8c739a64da8128353d81d1c4
  md5: 0097b24800cb696915c3dbd1f5335d3f
  depends:
  - ucrt >=10.0.20348.0
  - vc >=14.3,<15
  - vc14_runtime >=14.44.35208
  license: MIT
  license_family: MIT
  size: 14954024
  timestamp: 1773822508646
- conda: https://conda.anaconda.org/conda-forge/win-64/jbig2dec-0.20-hbd848b6_0.conda
  sha256: a0a16fe55aec5472b0400404c8ccf56ab77268091645ed03d28698947a130fd5
  md5: e2f10d29f245e2b1e8ce3d9d229d5f90
  depends:
  - vc >=14.3,<15
  - vc14_runtime >=14.44.35208
  - ucrt >=10.0.20348.0
  - libpng >=1.6.55,<1.7.0a0
  - libzlib >=1.3.1,<2.0a0
  license: AGPL-3.0-only
  license_family: AGPL
  size: 416642
  timestamp: 1771599217005
- conda: https://conda.anaconda.org/conda-forge/win-64/krb5-1.22.2-h0ea6238_0.conda
  sha256: eb60f1ad8b597bcf95dee11bc11fe71a8325bc1204cf51d2bb1f2120ffd77761
  md5: 4432f52dc0c8eb6a7a6abc00a037d93c
  depends:
  - openssl >=3.5.5,<4.0a0
  - ucrt >=10.0.20348.0
  - vc >=14.3,<15
  - vc14_runtime >=14.44.35208
  license: MIT
  license_family: MIT
  size: 751055
  timestamp: 1769769688841
- conda: https://conda.anaconda.org/conda-forge/win-64/lerc-4.1.0-hd936e49_0.conda
  sha256: 45df58fca800b552b17c3914cc9ab0d55a82c5172d72b5c44a59c710c06c5473
  md5: 54b231d595bc1ff9bff668dd443ee012
  depends:
  - ucrt >=10.0.20348.0
  - vc >=14.3,<15
  - vc14_runtime >=14.44.35208
  license: Apache-2.0
  license_family: Apache
  size: 172395
  timestamp: 1773113455582
- conda: https://conda.anaconda.org/conda-forge/win-64/libbrotlicommon-1.2.0-hfd05255_1.conda
  sha256: 5097303c2fc8ebf9f9ea9731520aa5ce4847d0be41764edd7f6dee2100b82986
  md5: 444b0a45bbd1cb24f82eedb56721b9c4
  depends:
  - ucrt >=10.0.20348.0
  - vc >=14.3,<15
  - vc14_runtime >=14.44.35208
  license: MIT
  license_family: MIT
  size: 82042
  timestamp: 1764017799966
- conda: https://conda.anaconda.org/conda-forge/win-64/libbrotlidec-1.2.0-hfd05255_1.conda
  sha256: 3239ce545cf1c32af6fffb7fc7c75cb1ef5b6ea8221c66c85416bb2d46f5cccb
  md5: 450e3ae947fc46b60f1d8f8f318b40d4
  depends:
  - libbrotlicommon 1.2.0 hfd05255_1
  - ucrt >=10.0.20348.0
  - vc >=14.3,<15
  - vc14_runtime >=14.44.35208
  license: MIT
  license_family: MIT
  size: 34449
  timestamp: 1764017851337
- conda: https://conda.anaconda.org/conda-forge/win-64/libbrotlienc-1.2.0-hfd05255_1.conda
  sha256: 3226df6b7df98734440739f75527d585d42ca2bfe912fbe8d1954c512f75341a
  md5: ccd93cfa8e54fd9df4e83dbe55ff6e8c
  depends:
  - libbrotlicommon 1.2.0 hfd05255_1
  - ucrt >=10.0.20348.0
  - vc >=14.3,<15
  - vc14_runtime >=14.44.35208
  license: MIT
  license_family: MIT
  size: 252903
  timestamp: 1764017901735
- conda: https://conda.anaconda.org/conda-forge/win-64/libcurl-8.20.0-h8206538_0.conda
  sha256: f4ce5aa835a698532feaa368e804365a7e45a9edebe006a8e1c80505d893c24e
  md5: 7bee27a8f0a295117ccb864f30d2d87e
  depends:
  - krb5 >=1.22.2,<1.23.0a0
  - libssh2 >=1.11.1,<2.0a0
  - libzlib >=1.3.2,<2.0a0
  - ucrt >=10.0.20348.0
  - vc >=14.3,<15
  - vc14_runtime >=14.44.35208
  license: curl
  license_family: MIT
  size: 393114
  timestamp: 1777461635732
- conda: https://conda.anaconda.org/conda-forge/win-64/libdeflate-1.25-h51727cc_0.conda
  sha256: 834e4881a18b690d5ec36f44852facd38e13afe599e369be62d29bd675f107ee
  md5: e77030e67343e28b084fabd7db0ce43e
  depends:
  - ucrt >=10.0.20348.0
  - vc >=14.3,<15
  - vc14_runtime >=14.44.35208
  license: MIT
  license_family: MIT
  size: 156818
  timestamp: 1761979842440
- conda: https://conda.anaconda.org/conda-forge/win-64/libexpat-2.8.1-hac47afa_0.conda
  sha256: a65e518c20d1482182bc0f1f6dd5d992f25ca44c3b32307be39ae8310db8f060
  md5: 23eb9474a16d4b9f6f27429989e82002
  depends:
  - ucrt >=10.0.20348.0
  - vc >=14.3,<15
  - vc14_runtime >=14.44.35208
  constrains:
  - expat 2.8.1.*
  license: MIT
  license_family: MIT
  size: 71280
  timestamp: 1779278786150
- conda: https://conda.anaconda.org/conda-forge/win-64/libffi-3.5.2-h3d046cb_0.conda
  sha256: 59d01f2dfa8b77491b5888a5ab88ff4e1574c9359f7e229da254cdfe27ddc190
  md5: 720b39f5ec0610457b725eb3f396219a
  depends:
  - ucrt >=10.0.20348.0
  - vc >=14.3,<15
  - vc14_runtime >=14.44.35208
  license: MIT
  license_family: MIT
  size: 45831
  timestamp: 1769456418774
- conda: https://conda.anaconda.org/conda-forge/win-64/libfreetype-2.14.3-h57928b3_0.conda
  sha256: 71fae9ae05563ceec70adceb7bc66faa326a81a6590a8aac8a5074019070a2d8
  md5: d9f70dd06674e26b6d5a657ddd22b568
  depends:
  - libfreetype6 >=2.14.3
  license: GPL-2.0-only OR FTL
  size: 8379
  timestamp: 1774300468411
- conda: https://conda.anaconda.org/conda-forge/win-64/libfreetype6-2.14.3-hdbac1cb_0.conda
  sha256: 497e9ab7c80f579e1b2850523740d6a543b8020f6b43be6bd6e83b3a6fb7fb32
  md5: f9975a0177ee6cdda10c86d1db1186b0
  depends:
  - libpng >=1.6.55,<1.7.0a0
  - libzlib >=1.3.2,<2.0a0
  - ucrt >=10.0.20348.0
  - vc >=14.3,<15
  - vc14_runtime >=14.44.35208
  constrains:
  - freetype >=2.14.3
  license: GPL-2.0-only OR FTL
  size: 340180
  timestamp: 1774300467879
- conda: https://conda.anaconda.org/conda-forge/win-64/libglib-2.88.1-h7ce1215_2.conda
  sha256: f61277e224e9889c221bb2eac0f57d5aeeb82fc45d3dc326957d251c97444f7c
  md5: 5fb838786a8317ebb38056bbe236d3ff
  depends:
  - vc >=14.3,<15
  - vc14_runtime >=14.44.35208
  - ucrt >=10.0.20348.0
  - libiconv >=1.18,<2.0a0
  - libzlib >=1.3.2,<2.0a0
  - pcre2 >=10.47,<10.48.0a0
  - libintl >=0.22.5,<1.0a0
  - libffi >=3.5.2,<3.6.0a0
  constrains:
  - glib >2.66
  license: LGPL-2.1-or-later
  size: 4522891
  timestamp: 1778508851933
- conda: https://conda.anaconda.org/conda-forge/win-64/libgumbo-1.0.0-he0c23c2_1.conda
  sha256: 7122d5491393eecef31585596173e559de1a2c813c3b53072354da94aea30f37
  md5: fa5599b526dbdf98ee38a6e2f1a7bb3f
  depends:
  - vc >=14.2,<15
  - vc14_runtime >=14.29.30139
  - ucrt >=10.0.20348.0
  - vc >=14.2,<15
  - vc14_runtime >=14.29.30139
  - ucrt >=10.0.20348.0
  license: Apache-2.0
  license_family: APACHE
  size: 161760
  timestamp: 1734515929391
- conda: https://conda.anaconda.org/conda-forge/win-64/libiconv-1.18-hc1393d2_2.conda
  sha256: 0dcdb1a5f01863ac4e8ba006a8b0dc1a02d2221ec3319b5915a1863254d7efa7
  md5: 64571d1dd6cdcfa25d0664a5950fdaa2
  depends:
  - ucrt >=10.0.20348.0
  - vc >=14.3,<15
  - vc14_runtime >=14.44.35208
  license: LGPL-2.1-only
  size: 696926
  timestamp: 1754909290005
- conda: https://conda.anaconda.org/conda-forge/win-64/libintl-0.22.5-h5728263_3.conda
  sha256: c7e4600f28bcada8ea81456a6530c2329312519efcf0c886030ada38976b0511
  md5: 2cf0cf76cc15d360dfa2f17fd6cf9772
  depends:
  - libiconv >=1.17,<2.0a0
  license: LGPL-2.1-or-later
  size: 95568
  timestamp: 1723629479451
- conda: https://conda.anaconda.org/conda-forge/win-64/libjpeg-turbo-3.1.4.1-hfd05255_0.conda
  sha256: 698d57b5b90120270eaa401298319fcb25ea186ae95b340c2f4813ed9171083d
  md5: 25a127bad5470852b30b239f030ec95b
  depends:
  - ucrt >=10.0.20348.0
  - vc >=14.3,<15
  - vc14_runtime >=14.44.35208
  constrains:
  - jpeg <0.0.0a
  license: IJG AND BSD-3-Clause AND Zlib
  size: 842806
  timestamp: 1775962811457
- conda: https://conda.anaconda.org/conda-forge/win-64/liblzma-5.8.3-hfd05255_0.conda
  sha256: d636d1a25234063642f9c531a7bb58d84c1c496411280a36ea000bd122f078f1
  md5: 8f83619ab1588b98dd99c90b0bfc5c6d
  depends:
  - ucrt >=10.0.20348.0
  - vc >=14.3,<15
  - vc14_runtime >=14.44.35208
  constrains:
  - xz 5.8.3.*
  license: 0BSD
  size: 106486
  timestamp: 1775825663227
- conda: https://conda.anaconda.org/conda-forge/win-64/libmpdec-4.0.0-hfd05255_1.conda
  sha256: 40dcd0b9522a6e0af72a9db0ced619176e7cfdb114855c7a64f278e73f8a7514
  md5: e4a9fc2bba3b022dad998c78856afe47
  depends:
  - ucrt >=10.0.20348.0
  - vc >=14.3,<15
  - vc14_runtime >=14.44.35208
  license: BSD-2-Clause
  license_family: BSD
  size: 89411
  timestamp: 1769482314283
- conda: https://conda.anaconda.org/conda-forge/win-64/libpng-1.6.58-h7351971_0.conda
  sha256: 218913aeee391460bd0e341b834dbd9c6fa6ae0a4276c0c300266cc99a816a28
  md5: 52f1280563f3b48b5f75414cd2d15dd1
  depends:
  - vc >=14.3,<15
  - vc14_runtime >=14.44.35208
  - ucrt >=10.0.20348.0
  - libzlib >=1.3.2,<2.0a0
  license: zlib-acknowledgement
  size: 385227
  timestamp: 1776315248638
- conda: https://conda.anaconda.org/conda-forge/win-64/libsqlite-3.53.1-hf5d6505_0.conda
  sha256: e70562450332ca8954bc16f3455468cca5ef3695c7d7187ecc87f8fc3c70e9eb
  md5: 7fea434a17c323256acc510a041b80d7
  depends:
  - ucrt >=10.0.20348.0
  - vc >=14.3,<15
  - vc14_runtime >=14.44.35208
  license: blessing
  size: 1304178
  timestamp: 1777986510497
- conda: https://conda.anaconda.org/conda-forge/win-64/libssh2-1.11.1-h9aa295b_0.conda
  sha256: cbdf93898f2e27cefca5f3fe46519335d1fab25c4ea2a11b11502ff63e602c09
  md5: 9dce2f112bfd3400f4f432b3d0ac07b2
  depends:
  - libzlib >=1.3.1,<2.0a0
  - openssl >=3.5.0,<4.0a0
  - ucrt >=10.0.20348.0
  - vc >=14.2,<15
  - vc14_runtime >=14.29.30139
  license: BSD-3-Clause
  license_family: BSD
  size: 292785
  timestamp: 1745608759342
- conda: https://conda.anaconda.org/conda-forge/win-64/libtiff-4.7.1-h8f73337_1.conda
  sha256: f1b8cccaaeea38a28b9cd496694b2e3d372bb5be0e9377c9e3d14b330d1cba8a
  md5: 549845d5133100142452812feb9ba2e8
  depends:
  - lerc >=4.0.0,<5.0a0
  - libdeflate >=1.25,<1.26.0a0
  - libjpeg-turbo >=3.1.0,<4.0a0
  - liblzma >=5.8.1,<6.0a0
  - libzlib >=1.3.1,<2.0a0
  - ucrt >=10.0.20348.0
  - vc >=14.3,<15
  - vc14_runtime >=14.44.35208
  - zstd >=1.5.7,<1.6.0a0
  license: HPND
  size: 993166
  timestamp: 1762022118895
- conda: https://conda.anaconda.org/conda-forge/win-64/libzlib-1.3.2-hfd05255_2.conda
  sha256: 88609816e0cc7452bac637aaf65783e5edf4fee8a9f8e22bdc3a75882c536061
  md5: dbabbd6234dea34040e631f87676292f
  depends:
  - ucrt >=10.0.20348.0
  - vc >=14.3,<15
  - vc14_runtime >=14.44.35208
  constrains:
  - zlib 1.3.2 *_2
  license: Zlib
  license_family: Other
  size: 58347
  timestamp: 1774072851498
- conda: https://conda.anaconda.org/conda-forge/win-64/mupdf-1.27.2-py314h121dfd3_5.conda
  sha256: 5e0c0b496d7982a0c385648ae6e62b767fc73773c9bf13626092e0c1160ed412
  md5: 4b4ea429a0bd8f5a8a791e9f17bb1b38
  depends:
  - python
  - curl
  - vc >=14.3,<15
  - vc14_runtime >=14.44.35208
  - ucrt >=10.0.20348.0
  - libzlib >=1.3.2,<2.0a0
  - libgumbo >=1.0.0,<1.1.0a0
  - jbig2dec >=0.20,<0.21.0a0
  - libfreetype >=2.14.3
  - libfreetype6 >=2.14.3
  - freeglut >=3.2.2,<4.0a0
  - harfbuzz >=13.2.1
  - python_abi 3.14.* *_cp314
  - openjpeg >=2.5.4,<3.0a0
  - libbrotlicommon >=1.2.0,<1.3.0a0
  - libbrotlienc >=1.2.0,<1.3.0a0
  - libbrotlidec >=1.2.0,<1.3.0a0
  license: AGPL-3.0-only
  license_family: AGPL
  size: 300870501
  timestamp: 1774652073460
- conda: https://conda.anaconda.org/conda-forge/win-64/openjpeg-2.5.4-h0e57b4f_0.conda
  sha256: 24342dee891a49a9ba92e2018ec0bde56cc07fdaec95275f7a55b96f03ea4252
  md5: e723ab7cc2794c954e1b22fde51c16e4
  depends:
  - libpng >=1.6.55,<1.7.0a0
  - libtiff >=4.7.1,<4.8.0a0
  - libzlib >=1.3.1,<2.0a0
  - ucrt >=10.0.20348.0
  - vc >=14.3,<15
  - vc14_runtime >=14.44.35208
  license: BSD-2-Clause
  license_family: BSD
  size: 245594
  timestamp: 1772624841727
- conda: https://conda.anaconda.org/conda-forge/win-64/openssl-3.6.2-hf411b9b_0.conda
  sha256: feb5815125c60f2be4a411e532db1ed1cd2d7261a6a43c54cb6ae90724e2e154
  md5: 05c7d624cff49dbd8db1ad5ba537a8a3
  depends:
  - ca-certificates
  - ucrt >=10.0.20348.0
  - vc >=14.3,<15
  - vc14_runtime >=14.44.35208
  license: Apache-2.0
  license_family: Apache
  size: 9410183
  timestamp: 1775589779763
- conda: https://conda.anaconda.org/conda-forge/win-64/pcre2-10.47-hd2b5f0e_0.conda
  sha256: 3e9e02174edf02cb4bcdd75668ad7b74b8061791a3bc8bdb8a52ae336761ba3e
  md5: 77eaf2336f3ae749e712f63e36b0f0a1
  depends:
  - bzip2 >=1.0.8,<2.0a0
  - libzlib >=1.3.1,<2.0a0
  - ucrt >=10.0.20348.0
  - vc >=14.3,<15
  - vc14_runtime >=14.44.35208
  license: BSD-3-Clause
  license_family: BSD
  size: 995992
  timestamp: 1763655708300
- conda: https://conda.anaconda.org/conda-forge/win-64/pixman-0.46.4-h5112557_1.conda
  sha256: 246fce4706b3f8b247a7d6142ba8d732c95263d3c96e212b9d63d6a4ab4aff35
  md5: 08c8fa3b419df480d985e304f7884d35
  depends:
  - vc >=14.3,<15
  - vc14_runtime >=14.44.35208
  - ucrt >=10.0.20348.0
  - vc >=14.3,<15
  - vc14_runtime >=14.44.35208
  - ucrt >=10.0.20348.0
  license: MIT
  license_family: MIT
  size: 542795
  timestamp: 1754665193489
- conda: https://conda.anaconda.org/conda-forge/win-64/pymupdf-1.27.2.2-py314hb98de8c_1.conda
  sha256: 449129cee488d5aa352f5af12954fde93c89669da30cf92639ea92bac652de31
  md5: 8043598a102c6873b7275d41042cec16
  depends:
  - python
  - mupdf 1.27.2.*
  - vc >=14.3,<15
  - vc14_runtime >=14.44.35208
  - ucrt >=10.0.20348.0
  - python_abi 3.14.* *_cp314
  license: AGPL-3.0-or-later
  license_family: AGPL
  size: 812778
  timestamp: 1774280886894
- conda: https://conda.anaconda.org/conda-forge/win-64/python-3.14.5-h4b44e0e_100_cp314.conda
  build_number: 100
  sha256: c561d171e5d1f1bb1a83ca6fa6aa49577a2956a245c5040dfaf8ca20c10a096e
  md5: 3f76bc298eebc1ec1497852f4d7f09d9
  depends:
  - bzip2 >=1.0.8,<2.0a0
  - libexpat >=2.8.0,<3.0a0
  - libffi >=3.5.2,<3.6.0a0
  - liblzma >=5.8.3,<6.0a0
  - libmpdec >=4.0.0,<5.0a0
  - libsqlite >=3.53.1,<4.0a0
  - libzlib >=1.3.2,<2.0a0
  - openssl >=3.5.6,<4.0a0
  - python_abi 3.14.* *_cp314
  - tk >=8.6.13,<8.7.0a0
  - tzdata
  - ucrt >=10.0.20348.0
  - vc >=14.3,<15
  - vc14_runtime >=14.44.35208
  - zstd >=1.5.7,<1.6.0a0
  license: Python-2.0
  size: 18375338
  timestamp: 1779237800732
  python_site_packages_path: Lib/site-packages
- conda: https://conda.anaconda.org/conda-forge/win-64/tk-8.6.13-h6ed50ae_3.conda
  sha256: 0e79810fae28f3b69fe7391b0d43f5474d6bd91d451d5f2bde02f55ae481d5e3
  md5: 0481bfd9814bf525bd4b3ee4b51494c4
  depends:
  - ucrt >=10.0.20348.0
  - vc >=14.3,<15
  - vc14_runtime >=14.44.35208
  license: TCL
  license_family: BSD
  size: 3526350
  timestamp: 1769460339384
- conda: https://conda.anaconda.org/conda-forge/win-64/ucrt-10.0.26100.0-h57928b3_0.conda
  sha256: 3005729dce6f3d3f5ec91dfc49fc75a0095f9cd23bab49efb899657297ac91a5
  md5: 71b24316859acd00bdb8b38f5e2ce328
  constrains:
  - vc14_runtime >=14.29.30037
  - vs2015_runtime >=14.29.30037
  license: LicenseRef-MicrosoftWindowsSDK10
  size: 694692
  timestamp: 1756385147981
- conda: https://conda.anaconda.org/conda-forge/win-64/vc-14.5-h1b7c187_37.conda
  sha256: 67397a65e42537e9635f2be59f13437b1876ece09ce200b09deec81f186db98e
  md5: 3dbe647b692777a9aecab9832004d147
  depends:
  - vc14_runtime >=14.51.36231
  track_features:
  - vc14
  license: BSD-3-Clause
  license_family: BSD
  size: 20372
  timestamp: 1779261134447
- conda: https://conda.anaconda.org/conda-forge/win-64/vc14_runtime-14.51.36231-h1b9f54f_37.conda
  sha256: 4e83cc4e8c5513b5a0f174d9b0fe8f0ddc6adc71b28a289fe731415aef98c3e0
  md5: 96433009c79679ac14eed33479742be7
  depends:
  - ucrt >=10.0.20348.0
  - vcomp14 14.51.36231 h1b9f54f_37
  constrains:
  - vs2015_runtime 14.51.36231.* *_37
  license: LicenseRef-MicrosoftVisualCpp2015-2022Runtime
  license_family: Proprietary
  size: 742016
  timestamp: 1779261130367
- conda: https://conda.anaconda.org/conda-forge/win-64/vcomp14-14.51.36231-h1b9f54f_37.conda
  sha256: fec2c325c85505f3957f0bdb130418a09623bcaa9286239b15f8572a00d876a8
  md5: 776acae29085df3ad5f3123888ac7c1d
  depends:
  - ucrt >=10.0.20348.0
  constrains:
  - vs2015_runtime 14.51.36231.* *_37
  license: LicenseRef-MicrosoftVisualCpp2015-2022Runtime
  license_family: Proprietary
  size: 124184
  timestamp: 1779261112360
- conda: https://conda.anaconda.org/conda-forge/win-64/zstd-1.5.7-h534d264_6.conda
  sha256: 368d8628424966fd8f9c8018326a9c779e06913dd39e646cf331226acc90e5b2
  md5: 053b84beec00b71ea8ff7a4f84b55207
  depends:
  - vc >=14.3,<15
  - vc14_runtime >=14.44.35208
  - ucrt >=10.0.20348.0
  - libzlib >=1.3.1,<2.0a0
  license: BSD-3-Clause
  license_family: BSD
  size: 388453
  timestamp: 1764777142545
